# This file is automatically @generated by Poetry and should not be changed by hand.

[[package]]
name = "asgiref"
version = "3.7.2"
description = "ASGI specs, helper code, and adapters"
category = "main"
optional = false
python-versions = ">=3.7"
files = [
    {file = "asgiref-3.7.2-py3-none-any.whl", hash = "sha256:89b2ef2247e3b562a16eef663bc0e2e703ec6468e2fa8a5cd61cd449786d4f6e"},
    {file = "asgiref-3.7.2.tar.gz", hash = "sha256:9e0ce3aa93a819ba5b45120216b23878cf6e8525eb3848653452b4192b92afed"},
]

[package.extras]
tests = ["mypy (>=0.800)", "pytest", "pytest-asyncio"]

[[package]]
name = "django"
version = "5.0.1"
description = "A high-level Python web framework that encourages rapid development and clean, pragmatic design."
category = "main"
optional = false
python-versions = ">=3.10"
files = [
    {file = "Django-5.0.1-py3-none-any.whl", hash = "sha256:f47a37a90b9bbe2c8ec360235192c7fddfdc832206fcf618bb849b39256affc1"},
    {file = "Django-5.0.1.tar.gz", hash = "sha256:8c8659665bc6e3a44fefe1ab0a291e5a3fb3979f9a8230be29de975e57e8f854"},
]

[package.dependencies]
asgiref = ">=3.7.0,<4"
sqlparse = ">=0.3.1"
tzdata = {version = "*", markers = "sys_platform == \"win32\""}

[package.extras]
argon2 = ["argon2-cffi (>=19.1.0)"]
bcrypt = ["bcrypt"]

[[package]]
name = "djream"
version = "0.1a6"
description = "A framework for building React frontends for Django projects"
category = "main"
optional = false
python-versions = "*"
files = [
    {file = "djream-0.1a6-py3-none-any.whl", hash = "sha256:640057de6b377d869af337b462296cd328140f41af91f2cd4f07c32da20f3f0e"},
    {file = "djream-0.1a6.tar.gz", hash = "sha256:1d396233f20f86874d881f86998b3d38ec6edb26550fd376264c8a99afe89244"},
]

[package.dependencies]
Django = ">=4.0,<6.0"
telepath = ">=0.3,<0.4"

[[package]]
name = "sqlparse"
version = "0.4.4"
description = "A non-validating SQL parser."
category = "main"
optional = false
python-versions = ">=3.5"
files = [
    {file = "sqlparse-0.4.4-py3-none-any.whl", hash = "sha256:5430a4fe2ac7d0f93e66f1efc6e1338a41884b7ddf2a350cedd20ccc4d9d28f3"},
    {file = "sqlparse-0.4.4.tar.gz", hash = "sha256:d446183e84b8349fa3061f0fe7f06ca94ba65b426946ffebe6e3e8295332420c"},
]

[package.extras]
dev = ["build", "flake8"]
doc = ["sphinx"]
test = ["pytest", "pytest-cov"]

[[package]]
name = "telepath"
version = "0.3.1"
description = "A library for exchanging data between Python and JavaScript"
category = "main"
optional = false
python-versions = ">=3.8"
files = [
    {file = "telepath-0.3.1-py38-none-any.whl", hash = "sha256:c280aa8e77ad71ce80e96500a4e4d4a32f35b7e0b52e896bb5fde9a5bcf0699a"},
    {file = "telepath-0.3.1.tar.gz", hash = "sha256:925c0609e0a8a6488ec4a55b19d485882cf72223b2b19fe2359a50fddd813c9c"},
]

[package.extras]
docs = ["mkdocs (>=1.1,<1.2)", "mkdocs-material (>=6.2,<6.3)"]

[[package]]
name = "tzdata"
version = "2023.4"
description = "Provider of IANA time zone data"
category = "main"
optional = false
python-versions = ">=2"
files = [
    {file = "tzdata-2023.4-py2.py3-none-any.whl", hash = "sha256:aa3ace4329eeacda5b7beb7ea08ece826c28d761cda36e747cfbf97996d39bf3"},
    {file = "tzdata-2023.4.tar.gz", hash = "sha256:dd54c94f294765522c77399649b4fefd95522479a664a0cec87f41bebc6148c9"},
]

[metadata]
lock-version = "2.0"
python-versions = "^3.11"
content-hash = "d9e062cd560ce016a68aaf54611a6c2fe659f8d0cdcc7059ac0f59e8de7113a9"
